
Microsoft Visual Studio Solution File, Format Version 12.00
# Visual Studio Version 17
VisualStudioVersion = 17.1.32421.90
MinimumVisualStudioVersion = 10.0.40219.1
Project("{FAE04EC0-301F-11D3-BF4B-00C04F79EFBC}") = "SchedulerUIAutomationTests", "SchedulerTests\SchedulerUIAutomationTests.csproj", "{BD35061C-F25B-4F7C-A03F-C9BFFD94EAC6}"
EndProject
Global
	GlobalSection(SolutionConfigurationPlatforms) = preSolution
		Debug|Any CPU = Debug|Any CPU
		Release|Any CPU = Release|Any CPU
	EndGlobalSection
	GlobalSection(ProjectConfigurationPlatforms) = postSolution
		{BD35061C-F25B-4F7C-A03F-C9BFFD94EAC6}.Debug|Any CPU.ActiveCfg = Debug|Any CPU
		{BD35061C-F25B-4F7C-A03F-C9BFFD94EAC6}.Debug|Any CPU.Build.0 = Debug|Any CPU
		{BD35061C-F25B-4F7C-A03F-C9BFFD94EAC6}.Release|Any CPU.ActiveCfg = Release|Any CPU
		{BD35061C-F25B-4F7C-A03F-C9BFFD94EAC6}.Release|Any CPU.Build.0 = Release|Any CPU
	EndGlobalSection
	GlobalSection(SolutionProperties) = preSolution
		HideSolutionNode = FALSE
	EndGlobalSection
	GlobalSection(ExtensibilityGlobals) = postSolution
		SolutionGuid = {3B328828-1FD0-44D0-82B8-E2A8A8703B96}
	EndGlobalSection
EndGlobal
