
Microsoft Visual Studio Solution File, Format Version 12.00
# Visual Studio Version 17
VisualStudioVersion = 17.0.32112.339
MinimumVisualStudioVersion = 10.0.40219.1
Project("{FAE04EC0-301F-11D3-BF4B-00C04F79EFBC}") = "ChallengeZoomLink", "ChallengeZoomLink\ChallengeZoomLink.csproj", "{B2D7F13D-6E05-4C92-AB2E-F9C8E06B2540}"
EndProject
Global
	GlobalSection(SolutionConfigurationPlatforms) = preSolution
		Debug|Any CPU = Debug|Any CPU
		Release|Any CPU = Release|Any CPU
	EndGlobalSection
	GlobalSection(ProjectConfigurationPlatforms) = postSolution
		{B2D7F13D-6E05-4C92-AB2E-F9C8E06B2540}.Debug|Any CPU.ActiveCfg = Debug|Any CPU
		{B2D7F13D-6E05-4C92-AB2E-F9C8E06B2540}.Debug|Any CPU.Build.0 = Debug|Any CPU
		{B2D7F13D-6E05-4C92-AB2E-F9C8E06B2540}.Release|Any CPU.ActiveCfg = Release|Any CPU
		{B2D7F13D-6E05-4C92-AB2E-F9C8E06B2540}.Release|Any CPU.Build.0 = Release|Any CPU
	EndGlobalSection
	GlobalSection(SolutionProperties) = preSolution
		HideSolutionNode = FALSE
	EndGlobalSection
	GlobalSection(ExtensibilityGlobals) = postSolution
		SolutionGuid = {02C0AAE1-A2B5-4146-B5B4-C8E67717A9BF}
	EndGlobalSection
EndGlobal
